
Microsoft Visual Studio Solution File, Format Version 12.00
# Visual Studio Version 16
VisualStudioVersion = 16.0.29709.97
MinimumVisualStudioVersion = 10.0.40219.1
Project("{FAE04EC0-301F-11D3-BF4B-00C04F79EFBC}") = "Projekcik.NETS", "Projekcik.NETS\Projekcik.NETS.csproj", "{FA46A92F-D36F-4844-A6EF-24889EC61E07}"
EndProject
Global
	GlobalSection(SolutionConfigurationPlatforms) = preSolution
		Debug|Any CPU = Debug|Any CPU
		Release|Any CPU = Release|Any CPU
	EndGlobalSection
	GlobalSection(ProjectConfigurationPlatforms) = postSolution
		{FA46A92F-D36F-4844-A6EF-24889EC61E07}.Debug|Any CPU.ActiveCfg = Debug|Any CPU
		{FA46A92F-D36F-4844-A6EF-24889EC61E07}.Debug|Any CPU.Build.0 = Debug|Any CPU
		{FA46A92F-D36F-4844-A6EF-24889EC61E07}.Release|Any CPU.ActiveCfg = Release|Any CPU
		{FA46A92F-D36F-4844-A6EF-24889EC61E07}.Release|Any CPU.Build.0 = Release|Any CPU
	EndGlobalSection
	GlobalSection(SolutionProperties) = preSolution
		HideSolutionNode = FALSE
	EndGlobalSection
	GlobalSection(ExtensibilityGlobals) = postSolution
		SolutionGuid = {8EF43392-6BFA-4CD0-92DB-0A6B0B6897E6}
	EndGlobalSection
EndGlobal
